{"is_source_file": false, "format": "", "description": "", "external_files": [], "external_methods": [], "published": [], "classes": [], "methods": [], "calls": [], "search-terms": [], "state": 2, "file_id": 16, "knowledge_revision": 28, "git_revision": "78450033b819f47098bd0f38fa0ea5a16931c166", "filename": "/home/kavia/workspace/code-generation/quizrush-the-ultimate-trivia-challenge-95216-95230/main_container_for_quizrush/post_process_status.lock", "hash": "9c4ed7ef73e22b872b8055bec08b8979", "format-version": 4, "code-base-name": "default", "revision_history": [{"28": "78450033b819f47098bd0f38fa0ea5a16931c166"}]}